// !$*UTF8*$!
{
	archiveVersion = 1;
	classes = {
	};
	objectVersion = 50;
	objects = {

/* Begin PBXBuildFile section */
		3A8D5E8F2581150D00107242 /* AppDelegate.swift in Sources */ = {isa = PBXBuildFile; fileRef = 3A8D5E8E2581150D00107242 /* AppDelegate.swift */; };
		3A8D5E912581150D00107242 /* SceneDelegate.swift in Sources */ = {isa = PBXBuildFile; fileRef = 3A8D5E902581150D00107242 /* SceneDelegate.swift */; };
		3A8D5E932581150D00107242 /* ViewController.swift in Sources */ = {isa = PBXBuildFile; fileRef = 3A8D5E922581150D00107242 /* ViewController.swift */; };
		3A8D5E962581150D00107242 /* Main.storyboard in Resources */ = {isa = PBXBuildFile; fileRef = 3A8D5E942581150D00107242 /* Main.storyboard */; };
		3A8D5E982581151400107242 /* Assets.xcassets in Resources */ = {isa = PBXBuildFile; fileRef = 3A8D5E972581151400107242 /* Assets.xcassets */; };
		3A8D5E9B2581151400107242 /* LaunchScreen.storyboard in Resources */ = {isa = PBXBuildFile; fileRef = 3A8D5E992581151400107242 /* LaunchScreen.storyboard */; };
		3A8D5EA62581151500107242 /* PracticalTaskVouchmeTests.swift in Sources */ = {isa = PBXBuildFile; fileRef = 3A8D5EA52581151500107242 /* PracticalTaskVouchmeTests.swift */; };
		3A8D5EB12581151500107242 /* PracticalTaskVouchmeUITests.swift in Sources */ = {isa = PBXBuildFile; fileRef = 3A8D5EB02581151500107242 /* PracticalTaskVouchmeUITests.swift */; };
		3A8D5EC62581159300107242 /* ProductViewModel.swift in Sources */ = {isa = PBXBuildFile; fileRef = 3A8D5EC52581159300107242 /* ProductViewModel.swift */; };
		3A8D5ECE258115A400107242 /* ProductModel.swift in Sources */ = {isa = PBXBuildFile; fileRef = 3A8D5ECD258115A400107242 /* ProductModel.swift */; };
		3A8D5ED3258115B900107242 /* NetworkManager.swift in Sources */ = {isa = PBXBuildFile; fileRef = 3A8D5ED2258115B900107242 /* NetworkManager.swift */; };
		3A8D5EE02581166000107242 /* ProductCell.swift in Sources */ = {isa = PBXBuildFile; fileRef = 3A8D5EDE2581166000107242 /* ProductCell.swift */; };
		3A8D5EE12581166000107242 /* ProductCell.xib in Resources */ = {isa = PBXBuildFile; fileRef = 3A8D5EDF2581166000107242 /* ProductCell.xib */; };
		3A8D5F072581F85F00107242 /* HeaderView.swift in Sources */ = {isa = PBXBuildFile; fileRef = 3A8D5F062581F85F00107242 /* HeaderView.swift */; };
		3A8D5F0F2581F87B00107242 /* HeaderView.xib in Resources */ = {isa = PBXBuildFile; fileRef = 3A8D5F0E2581F87B00107242 /* HeaderView.xib */; };
		3A8D5F282582327100107242 /* SectionHeader.swift in Sources */ = {isa = PBXBuildFile; fileRef = 3A8D5F272582327100107242 /* SectionHeader.swift */; };
		3A8D5F2D2582328D00107242 /* SectionHeader.xib in Resources */ = {isa = PBXBuildFile; fileRef = 3A8D5F2C2582328D00107242 /* SectionHeader.xib */; };
		3A8D5F3D2582395F00107242 /* ExpandedTableViewCell.swift in Sources */ = {isa = PBXBuildFile; fileRef = 3A8D5F3B2582395F00107242 /* ExpandedTableViewCell.swift */; };
		3A8D5F3E2582395F00107242 /* ExpandedTableViewCell.xib in Resources */ = {isa = PBXBuildFile; fileRef = 3A8D5F3C2582395F00107242 /* ExpandedTableViewCell.xib */; };
		3A8D5F4B2582442F00107242 /* MainTableView.swift in Sources */ = {isa = PBXBuildFile; fileRef = 3A8D5F492582442F00107242 /* MainTableView.swift */; };
		3A8D5F4C2582442F00107242 /* MainTableView.xib in Resources */ = {isa = PBXBuildFile; fileRef = 3A8D5F4A2582442F00107242 /* MainTableView.xib */; };
		EC335F0C2582B6F9009936DC /* CustomExpandedCell.xib in Resources */ = {isa = PBXBuildFile; fileRef = EC335F0A2582B6F9009936DC /* CustomExpandedCell.xib */; };
		EC335F0D2582B6F9009936DC /* CustomExpandedCell.swift in Sources */ = {isa = PBXBuildFile; fileRef = EC335F0B2582B6F9009936DC /* CustomExpandedCell.swift */; };
/* End PBXBuildFile section */

/* Begin PBXContainerItemProxy section */
		3A8D5EA22581151500107242 /* PBXContainerItemProxy */ = {
			isa = PBXContainerItemProxy;
			containerPortal = 3A8D5E832581150D00107242 /* Project object */;
			proxyType = 1;
			remoteGlobalIDString = 3A8D5E8A2581150D00107242;
			remoteInfo = PracticalTaskVouchme;
		};
		3A8D5EAD2581151500107242 /* PBXContainerItemProxy */ = {
			isa = PBXContainerItemProxy;
			containerPortal = 3A8D5E832581150D00107242 /* Project object */;
			proxyType = 1;
			remoteGlobalIDString = 3A8D5E8A2581150D00107242;
			remoteInfo = PracticalTaskVouchme;
		};
/* End PBXContainerItemProxy section */

/* Begin PBXFileReference section */
		3A8D5E8B2581150D00107242 /* PracticalTaskVouchme.app */ = {isa = PBXFileReference; explicitFileType = wrapper.application; includeInIndex = 0; path = PracticalTaskVouchme.app; sourceTree = BUILT_PRODUCTS_DIR; };
		3A8D5E8E2581150D00107242 /* AppDelegate.swift */ = {isa = PBXFileReference; lastKnownFileType = sourcecode.swift; path = AppDelegate.swift; sourceTree = "<group>"; };
		3A8D5E902581150D00107242 /* SceneDelegate.swift */ = {isa = PBXFileReference; lastKnownFileType = sourcecode.swift; path = SceneDelegate.swift; sourceTree = "<group>"; };
		3A8D5E922581150D00107242 /* ViewController.swift */ = {isa = PBXFileReference; lastKnownFileType = sourcecode.swift; path = ViewController.swift; sourceTree = "<group>"; };
		3A8D5E952581150D00107242 /* Base */ = {isa = PBXFileReference; lastKnownFileType = file.storyboard; name = Base; path = Base.lproj/Main.storyboard; sourceTree = "<group>"; };
		3A8D5E972581151400107242 /* Assets.xcassets */ = {isa = PBXFileReference; lastKnownFileType = folder.assetcatalog; path = Assets.xcassets; sourceTree = "<group>"; };
		3A8D5E9A2581151400107242 /* Base */ = {isa = PBXFileReference; lastKnownFileType = file.storyboard; name = Base; path = Base.lproj/LaunchScreen.storyboard; sourceTree = "<group>"; };
		3A8D5E9C2581151400107242 /* Info.plist */ = {isa = PBXFileReference; lastKnownFileType = text.plist.xml; path = Info.plist; sourceTree = "<group>"; };
		3A8D5EA12581151500107242 /* PracticalTaskVouchmeTests.xctest */ = {isa = PBXFileReference; explicitFileType = wrapper.cfbundle; includeInIndex = 0; path = PracticalTaskVouchmeTests.xctest; sourceTree = BUILT_PRODUCTS_DIR; };
		3A8D5EA52581151500107242 /* PracticalTaskVouchmeTests.swift */ = {isa = PBXFileReference; lastKnownFileType = sourcecode.swift; path = PracticalTaskVouchmeTests.swift; sourceTree = "<group>"; };
		3A8D5EA72581151500107242 /* Info.plist */ = {isa = PBXFileReference; lastKnownFileType = text.plist.xml; path = Info.plist; sourceTree = "<group>"; };
		3A8D5EAC2581151500107242 /* PracticalTaskVouchmeUITests.xctest */ = {isa = PBXFileReference; explicitFileType = wrapper.cfbundle; includeInIndex = 0; path = PracticalTaskVouchmeUITests.xctest; sourceTree = BUILT_PRODUCTS_DIR; };
		3A8D5EB02581151500107242 /* PracticalTaskVouchmeUITests.swift */ = {isa = PBXFileReference; lastKnownFileType = sourcecode.swift; path = PracticalTaskVouchmeUITests.swift; sourceTree = "<group>"; };
		3A8D5EB22581151500107242 /* Info.plist */ = {isa = PBXFileReference; lastKnownFileType = text.plist.xml; path = Info.plist; sourceTree = "<group>"; };
		3A8D5EC52581159300107242 /* ProductViewModel.swift */ = {isa = PBXFileReference; lastKnownFileType = sourcecode.swift; path = ProductViewModel.swift; sourceTree = "<group>"; };
		3A8D5ECD258115A400107242 /* ProductModel.swift */ = {isa = PBXFileReference; lastKnownFileType = sourcecode.swift; path = ProductModel.swift; sourceTree = "<group>"; };
		3A8D5ED2258115B900107242 /* NetworkManager.swift */ = {isa = PBXFileReference; lastKnownFileType = sourcecode.swift; path = NetworkManager.swift; sourceTree = "<group>"; };
		3A8D5EDE2581166000107242 /* ProductCell.swift */ = {isa = PBXFileReference; lastKnownFileType = sourcecode.swift; path = ProductCell.swift; sourceTree = "<group>"; };
		3A8D5EDF2581166000107242 /* ProductCell.xib */ = {isa = PBXFileReference; lastKnownFileType = file.xib; path = ProductCell.xib; sourceTree = "<group>"; };
		3A8D5F062581F85F00107242 /* HeaderView.swift */ = {isa = PBXFileReference; lastKnownFileType = sourcecode.swift; path = HeaderView.swift; sourceTree = "<group>"; };
		3A8D5F0E2581F87B00107242 /* HeaderView.xib */ = {isa = PBXFileReference; lastKnownFileType = file.xib; path = HeaderView.xib; sourceTree = "<group>"; };
		3A8D5F272582327100107242 /* SectionHeader.swift */ = {isa = PBXFileReference; lastKnownFileType = sourcecode.swift; path = SectionHeader.swift; sourceTree = "<group>"; };
		3A8D5F2C2582328D00107242 /* SectionHeader.xib */ = {isa = PBXFileReference; lastKnownFileType = file.xib; path = SectionHeader.xib; sourceTree = "<group>"; };
		3A8D5F3B2582395F00107242 /* ExpandedTableViewCell.swift */ = {isa = PBXFileReference; lastKnownFileType = sourcecode.swift; path = ExpandedTableViewCell.swift; sourceTree = "<group>"; };
		3A8D5F3C2582395F00107242 /* ExpandedTableViewCell.xib */ = {isa = PBXFileReference; lastKnownFileType = file.xib; path = ExpandedTableViewCell.xib; sourceTree = "<group>"; };
		3A8D5F492582442F00107242 /* MainTableView.swift */ = {isa = PBXFileReference; lastKnownFileType = sourcecode.swift; path = MainTableView.swift; sourceTree = "<group>"; };
		3A8D5F4A2582442F00107242 /* MainTableView.xib */ = {isa = PBXFileReference; lastKnownFileType = file.xib; path = MainTableView.xib; sourceTree = "<group>"; };
		EC335F0A2582B6F9009936DC /* CustomExpandedCell.xib */ = {isa = PBXFileReference; fileEncoding = 4; lastKnownFileType = file.xib; path = CustomExpandedCell.xib; sourceTree = "<group>"; };
		EC335F0B2582B6F9009936DC /* CustomExpandedCell.swift */ = {isa = PBXFileReference; fileEncoding = 4; lastKnownFileType = sourcecode.swift; path = CustomExpandedCell.swift; sourceTree = "<group>"; };
/* End PBXFileReference section */

/* Begin PBXFrameworksBuildPhase section */
		3A8D5E882581150D00107242 /* Frameworks */ = {
			isa = PBXFrameworksBuildPhase;
			buildActionMask = 2147483647;
			files = (
			);
			runOnlyForDeploymentPostprocessing = 0;
		};
		3A8D5E9E2581151500107242 /* Frameworks */ = {
			isa = PBXFrameworksBuildPhase;
			buildActionMask = 2147483647;
			files = (
			);
			runOnlyForDeploymentPostprocessing = 0;
		};
		3A8D5EA92581151500107242 /* Frameworks */ = {
			isa = PBXFrameworksBuildPhase;
			buildActionMask = 2147483647;
			files = (
			);
			runOnlyForDeploymentPostprocessing = 0;
		};
/* End PBXFrameworksBuildPhase section */

/* Begin PBXGroup section */
		3A8D5E822581150D00107242 = {
			isa = PBXGroup;
			children = (
				3A8D5E8D2581150D00107242 /* PracticalTaskVouchme */,
				3A8D5EA42581151500107242 /* PracticalTaskVouchmeTests */,
				3A8D5EAF2581151500107242 /* PracticalTaskVouchmeUITests */,
				3A8D5E8C2581150D00107242 /* Products */,
			);
			sourceTree = "<group>";
		};
		3A8D5E8C2581150D00107242 /* Products */ = {
			isa = PBXGroup;
			children = (
				3A8D5E8B2581150D00107242 /* PracticalTaskVouchme.app */,
				3A8D5EA12581151500107242 /* PracticalTaskVouchmeTests.xctest */,
				3A8D5EAC2581151500107242 /* PracticalTaskVouchmeUITests.xctest */,
			);
			name = Products;
			sourceTree = "<group>";
		};
		3A8D5E8D2581150D00107242 /* PracticalTaskVouchme */ = {
			isa = PBXGroup;
			children = (
				3A8D5F052581F83400107242 /* View */,
				3A8D5EC42581156300107242 /* Cells */,
				3A8D5EC32581154A00107242 /* RequestManager */,
				3A8D5EC22581154400107242 /* Model */,
				3A8D5EC12581153A00107242 /* ViewModel */,
				3A8D5E922581150D00107242 /* ViewController.swift */,
				3A8D5E902581150D00107242 /* SceneDelegate.swift */,
				3A8D5E942581150D00107242 /* Main.storyboard */,
				3A8D5E972581151400107242 /* Assets.xcassets */,
				3A8D5E992581151400107242 /* LaunchScreen.storyboard */,
				3A8D5E9C2581151400107242 /* Info.plist */,
			);
			path = PracticalTaskVouchme;
			sourceTree = "<group>";
		};
		3A8D5EA42581151500107242 /* PracticalTaskVouchmeTests */ = {
			isa = PBXGroup;
			children = (
				3A8D5EA52581151500107242 /* PracticalTaskVouchmeTests.swift */,
				3A8D5EA72581151500107242 /* Info.plist */,
			);
			path = PracticalTaskVouchmeTests;
			sourceTree = "<group>";
		};
		3A8D5EAF2581151500107242 /* PracticalTaskVouchmeUITests */ = {
			isa = PBXGroup;
			children = (
				3A8D5EB02581151500107242 /* PracticalTaskVouchmeUITests.swift */,
				3A8D5EB22581151500107242 /* Info.plist */,
			);
			path = PracticalTaskVouchmeUITests;
			sourceTree = "<group>";
		};
		3A8D5EC12581153A00107242 /* ViewModel */ = {
			isa = PBXGroup;
			children = (
				3A8D5EC52581159300107242 /* ProductViewModel.swift */,
			);
			path = ViewModel;
			sourceTree = "<group>";
		};
		3A8D5EC22581154400107242 /* Model */ = {
			isa = PBXGroup;
			children = (
				3A8D5ECD258115A400107242 /* ProductModel.swift */,
			);
			path = Model;
			sourceTree = "<group>";
		};
		3A8D5EC32581154A00107242 /* RequestManager */ = {
			isa = PBXGroup;
			children = (
				3A8D5ED2258115B900107242 /* NetworkManager.swift */,
			);
			path = RequestManager;
			sourceTree = "<group>";
		};
		3A8D5EC42581156300107242 /* Cells */ = {
			isa = PBXGroup;
			children = (
				3A8D5EDE2581166000107242 /* ProductCell.swift */,
				3A8D5EDF2581166000107242 /* ProductCell.xib */,
				3A8D5E8E2581150D00107242 /* AppDelegate.swift */,
				3A8D5F492582442F00107242 /* MainTableView.swift */,
				3A8D5F4A2582442F00107242 /* MainTableView.xib */,
				3A8D5F3B2582395F00107242 /* ExpandedTableViewCell.swift */,
				3A8D5F3C2582395F00107242 /* ExpandedTableViewCell.xib */,
				EC335F0B2582B6F9009936DC /* CustomExpandedCell.swift */,
				EC335F0A2582B6F9009936DC /* CustomExpandedCell.xib */,
			);
			path = Cells;
			sourceTree = "<group>";
		};
		3A8D5F052581F83400107242 /* View */ = {
			isa = PBXGroup;
			children = (
				3A8D5F062581F85F00107242 /* HeaderView.swift */,
				3A8D5F0E2581F87B00107242 /* HeaderView.xib */,
				3A8D5F272582327100107242 /* SectionHeader.swift */,
				3A8D5F2C2582328D00107242 /* SectionHeader.xib */,
			);
			path = View;
			sourceTree = "<group>";
		};
/* End PBXGroup section */

/* Begin PBXNativeTarget section */
		3A8D5E8A2581150D00107242 /* PracticalTaskVouchme */ = {
			isa = PBXNativeTarget;
			buildConfigurationList = 3A8D5EB52581151500107242 /* Build configuration list for PBXNativeTarget "PracticalTaskVouchme" */;
			buildPhases = (
				3A8D5E872581150D00107242 /* Sources */,
				3A8D5E882581150D00107242 /* Frameworks */,
				3A8D5E892581150D00107242 /* Resources */,
			);
			buildRules = (
			);
			dependencies = (
			);
			name = PracticalTaskVouchme;
			productName = PracticalTaskVouchme;
			productReference = 3A8D5E8B2581150D00107242 /* PracticalTaskVouchme.app */;
			productType = "com.apple.product-type.application";
		};
		3A8D5EA02581151500107242 /* PracticalTaskVouchmeTests */ = {
			isa = PBXNativeTarget;
			buildConfigurationList = 3A8D5EB82581151500107242 /* Build configuration list for PBXNativeTarget "PracticalTaskVouchmeTests" */;
			buildPhases = (
				3A8D5E9D2581151500107242 /* Sources */,
				3A8D5E9E2581151500107242 /* Frameworks */,
				3A8D5E9F2581151500107242 /* Resources */,
			);
			buildRules = (
			);
			dependencies = (
				3A8D5EA32581151500107242 /* PBXTargetDependency */,
			);
			name = PracticalTaskVouchmeTests;
			productName = PracticalTaskVouchmeTests;
			productReference = 3A8D5EA12581151500107242 /* PracticalTaskVouchmeTests.xctest */;
			productType = "com.apple.product-type.bundle.unit-test";
		};
		3A8D5EAB2581151500107242 /* PracticalTaskVouchmeUITests */ = {
			isa = PBXNativeTarget;
			buildConfigurationList = 3A8D5EBB2581151500107242 /* Build configuration list for PBXNativeTarget "PracticalTaskVouchmeUITests" */;
			buildPhases = (
				3A8D5EA82581151500107242 /* Sources */,
				3A8D5EA92581151500107242 /* Frameworks */,
				3A8D5EAA2581151500107242 /* Resources */,
			);
			buildRules = (
			);
			dependencies = (
				3A8D5EAE2581151500107242 /* PBXTargetDependency */,
			);
			name = PracticalTaskVouchmeUITests;
			productName = PracticalTaskVouchmeUITests;
			productReference = 3A8D5EAC2581151500107242 /* PracticalTaskVouchmeUITests.xctest */;
			productType = "com.apple.product-type.bundle.ui-testing";
		};
/* End PBXNativeTarget section */

/* Begin PBXProject section */
		3A8D5E832581150D00107242 /* Project object */ = {
			isa = PBXProject;
			attributes = {
				LastSwiftUpdateCheck = 1210;
				LastUpgradeCheck = 1210;
				TargetAttributes = {
					3A8D5E8A2581150D00107242 = {
						CreatedOnToolsVersion = 12.1;
					};
					3A8D5EA02581151500107242 = {
						CreatedOnToolsVersion = 12.1;
						TestTargetID = 3A8D5E8A2581150D00107242;
					};
					3A8D5EAB2581151500107242 = {
						CreatedOnToolsVersion = 12.1;
						TestTargetID = 3A8D5E8A2581150D00107242;
					};
				};
			};
			buildConfigurationList = 3A8D5E862581150D00107242 /* Build configuration list for PBXProject "PracticalTaskVouchme" */;
			compatibilityVersion = "Xcode 9.3";
			developmentRegion = en;
			hasScannedForEncodings = 0;
			knownRegions = (
				en,
				Base,
			);
			mainGroup = 3A8D5E822581150D00107242;
			productRefGroup = 3A8D5E8C2581150D00107242 /* Products */;
			projectDirPath = "";
			projectRoot = "";
			targets = (
				3A8D5E8A2581150D00107242 /* PracticalTaskVouchme */,
				3A8D5EA02581151500107242 /* PracticalTaskVouchmeTests */,
				3A8D5EAB2581151500107242 /* PracticalTaskVouchmeUITests */,
			);
		};
/* End PBXProject section */

/* Begin PBXResourcesBuildPhase section */
		3A8D5E892581150D00107242 /* Resources */ = {
			isa = PBXResourcesBuildPhase;
			buildActionMask = 2147483647;
			files = (
				3A8D5E9B2581151400107242 /* LaunchScreen.storyboard in Resources */,
				3A8D5EE12581166000107242 /* ProductCell.xib in Resources */,
				3A8D5F2D2582328D00107242 /* SectionHeader.xib in Resources */,
				EC335F0C2582B6F9009936DC /* CustomExpandedCell.xib in Resources */,
				3A8D5F0F2581F87B00107242 /* HeaderView.xib in Resources */,
				3A8D5F3E2582395F00107242 /* ExpandedTableViewCell.xib in Resources */,
				3A8D5F4C2582442F00107242 /* MainTableView.xib in Resources */,
				3A8D5E982581151400107242 /* Assets.xcassets in Resources */,
				3A8D5E962581150D00107242 /* Main.storyboard in Resources */,
			);
			runOnlyForDeploymentPostprocessing = 0;
		};
		3A8D5E9F2581151500107242 /* Resources */ = {
			isa = PBXResourcesBuildPhase;
			buildActionMask = 2147483647;
			files = (
			);
			runOnlyForDeploymentPostprocessing = 0;
		};
		3A8D5EAA2581151500107242 /* Resources */ = {
			isa = PBXResourcesBuildPhase;
			buildActionMask = 2147483647;
			files = (
			);
			runOnlyForDeploymentPostprocessing = 0;
		};
/* End PBXResourcesBuildPhase section */

/* Begin PBXSourcesBuildPhase section */
		3A8D5E872581150D00107242 /* Sources */ = {
			isa = PBXSourcesBuildPhase;
			buildActionMask = 2147483647;
			files = (
				3A8D5F4B2582442F00107242 /* MainTableView.swift in Sources */,
				3A8D5ED3258115B900107242 /* NetworkManager.swift in Sources */,
				3A8D5E932581150D00107242 /* ViewController.swift in Sources */,
				3A8D5F282582327100107242 /* SectionHeader.swift in Sources */,
				3A8D5E8F2581150D00107242 /* AppDelegate.swift in Sources */,
				3A8D5EC62581159300107242 /* ProductViewModel.swift in Sources */,
				3A8D5E912581150D00107242 /* SceneDelegate.swift in Sources */,
				3A8D5F072581F85F00107242 /* HeaderView.swift in Sources */,
				3A8D5F3D2582395F00107242 /* ExpandedTableViewCell.swift in Sources */,
				3A8D5EE02581166000107242 /* ProductCell.swift in Sources */,
				EC335F0D2582B6F9009936DC /* CustomExpandedCell.swift in Sources */,
				3A8D5ECE258115A400107242 /* ProductModel.swift in Sources */,
			);
			runOnlyForDeploymentPostprocessing = 0;
		};
		3A8D5E9D2581151500107242 /* Sources */ = {
			isa = PBXSourcesBuildPhase;
			buildActionMask = 2147483647;
			files = (
				3A8D5EA62581151500107242 /* PracticalTaskVouchmeTests.swift in Sources */,
			);
			runOnlyForDeploymentPostprocessing = 0;
		};
		3A8D5EA82581151500107242 /* Sources */ = {
			isa = PBXSourcesBuildPhase;
			buildActionMask = 2147483647;
			files = (
				3A8D5EB12581151500107242 /* PracticalTaskVouchmeUITests.swift in Sources */,
			);
			runOnlyForDeploymentPostprocessing = 0;
		};
/* End PBXSourcesBuildPhase section */

/* Begin PBXTargetDependency section */
		3A8D5EA32581151500107242 /* PBXTargetDependency */ = {
			isa = PBXTargetDependency;
			target = 3A8D5E8A2581150D00107242 /* PracticalTaskVouchme */;
			targetProxy = 3A8D5EA22581151500107242 /* PBXContainerItemProxy */;
		};
		3A8D5EAE2581151500107242 /* PBXTargetDependency */ = {
			isa = PBXTargetDependency;
			target = 3A8D5E8A2581150D00107242 /* PracticalTaskVouchme */;
			targetProxy = 3A8D5EAD2581151500107242 /* PBXContainerItemProxy */;
		};
/* End PBXTargetDependency section */

/* Begin PBXVariantGroup section */
		3A8D5E942581150D00107242 /* Main.storyboard */ = {
			isa = PBXVariantGroup;
			children = (
				3A8D5E952581150D00107242 /* Base */,
			);
			name = Main.storyboard;
			sourceTree = "<group>";
		};
		3A8D5E992581151400107242 /* LaunchScreen.storyboard */ = {
			isa = PBXVariantGroup;
			children = (
				3A8D5E9A2581151400107242 /* Base */,
			);
			name = LaunchScreen.storyboard;
			sourceTree = "<group>";
		};
/* End PBXVariantGroup section */

/* Begin XCBuildConfiguration section */
		3A8D5EB32581151500107242 /* Debug */ = {
			isa = XCBuildConfiguration;
			buildSettings = {
				ALWAYS_SEARCH_USER_PATHS = NO;
				CLANG_ANALYZER_NONNULL = YES;
				CLANG_ANALYZER_NUMBER_OBJECT_CONVERSION = YES_AGGRESSIVE;
				CLANG_CXX_LANGUAGE_STANDARD = "gnu++14";
				CLANG_CXX_LIBRARY = "libc++";
				CLANG_ENABLE_MODULES = YES;
				CLANG_ENABLE_OBJC_ARC = YES;
				CLANG_ENABLE_OBJC_WEAK = YES;
				CLANG_WARN_BLOCK_CAPTURE_AUTORELEASING = YES;
				CLANG_WARN_BOOL_CONVERSION = YES;
				CLANG_WARN_COMMA = YES;
				CLANG_WARN_CONSTANT_CONVERSION = YES;
				CLANG_WARN_DEPRECATED_OBJC_IMPLEMENTATIONS = YES;
				CLANG_WARN_DIRECT_OBJC_ISA_USAGE = YES_ERROR;
				CLANG_WARN_DOCUMENTATION_COMMENTS = YES;
				CLANG_WARN_EMPTY_BODY = YES;
				CLANG_WARN_ENUM_CONVERSION = YES;
				CLANG_WARN_INFINITE_RECURSION = YES;
				CLANG_WARN_INT_CONVERSION = YES;
				CLANG_WARN_NON_LITERAL_NULL_CONVERSION = YES;
				CLANG_WARN_OBJC_IMPLICIT_RETAIN_SELF = YES;
				CLANG_WARN_OBJC_LITERAL_CONVERSION = YES;
				CLANG_WARN_OBJC_ROOT_CLASS = YES_ERROR;
				CLANG_WARN_QUOTED_INCLUDE_IN_FRAMEWORK_HEADER = YES;
				CLANG_WARN_RANGE_LOOP_ANALYSIS = YES;
				CLANG_WARN_STRICT_PROTOTYPES = YES;
				CLANG_WARN_SUSPICIOUS_MOVE = YES;
				CLANG_WARN_UNGUARDED_AVAILABILITY = YES_AGGRESSIVE;
				CLANG_WARN_UNREACHABLE_CODE = YES;
				CLANG_WARN__DUPLICATE_METHOD_MATCH = YES;
				COPY_PHASE_STRIP = NO;
				DEBUG_INFORMATION_FORMAT = dwarf;
				ENABLE_STRICT_OBJC_MSGSEND = YES;
				ENABLE_TESTABILITY = YES;
				GCC_C_LANGUAGE_STANDARD = gnu11;
				GCC_DYNAMIC_NO_PIC = NO;
				GCC_NO_COMMON_BLOCKS = YES;
				GCC_OPTIMIZATION_LEVEL = 0;
				GCC_PREPROCESSOR_DEFINITIONS = (
					"DEBUG=1",
					"$(inherited)",
				);
				GCC_WARN_64_TO_32_BIT_CONVERSION = YES;
				GCC_WARN_ABOUT_RETURN_TYPE = YES_ERROR;
				GCC_WARN_UNDECLARED_SELECTOR = YES;
				GCC_WARN_UNINITIALIZED_AUTOS = YES_AGGRESSIVE;
				GCC_WARN_UNUSED_FUNCTION = YES;
				GCC_WARN_UNUSED_VARIABLE = YES;
				IPHONEOS_DEPLOYMENT_TARGET = 14.1;
				MTL_ENABLE_DEBUG_INFO = INCLUDE_SOURCE;
				MTL_FAST_MATH = YES;
				ONLY_ACTIVE_ARCH = YES;
				SDKROOT = iphoneos;
				SWIFT_ACTIVE_COMPILATION_CONDITIONS = DEBUG;
				SWIFT_OPTIMIZATION_LEVEL = "-Onone";
			};
			name = Debug;
		};
		3A8D5EB42581151500107242 /* Release */ = {
			isa = XCBuildConfiguration;
			buildSettings = {
				ALWAYS_SEARCH_USER_PATHS = NO;
				CLANG_ANALYZER_NONNULL = YES;
				CLANG_ANALYZER_NUMBER_OBJECT_CONVERSION = YES_AGGRESSIVE;
				CLANG_CXX_LANGUAGE_STANDARD = "gnu++14";
				CLANG_CXX_LIBRARY = "libc++";
				CLANG_ENABLE_MODULES = YES;
				CLANG_ENABLE_OBJC_ARC = YES;
				CLANG_ENABLE_OBJC_WEAK = YES;
				CLANG_WARN_BLOCK_CAPTURE_AUTORELEASING = YES;
				CLANG_WARN_BOOL_CONVERSION = YES;
				CLANG_WARN_COMMA = YES;
				CLANG_WARN_CONSTANT_CONVERSION = YES;
				CLANG_WARN_DEPRECATED_OBJC_IMPLEMENTATIONS = YES;
				CLANG_WARN_DIRECT_OBJC_ISA_USAGE = YES_ERROR;
				CLANG_WARN_DOCUMENTATION_COMMENTS = YES;
				CLANG_WARN_EMPTY_BODY = YES;
				CLANG_WARN_ENUM_CONVERSION = YES;
				CLANG_WARN_INFINITE_RECURSION = YES;
				CLANG_WARN_INT_CONVERSION = YES;
				CLANG_WARN_NON_LITERAL_NULL_CONVERSION = YES;
				CLANG_WARN_OBJC_IMPLICIT_RETAIN_SELF = YES;
				CLANG_WARN_OBJC_LITERAL_CONVERSION = YES;
				CLANG_WARN_OBJC_ROOT_CLASS = YES_ERROR;
				CLANG_WARN_QUOTED_INCLUDE_IN_FRAMEWORK_HEADER = YES;
				CLANG_WARN_RANGE_LOOP_ANALYSIS = YES;
				CLANG_WARN_STRICT_PROTOTYPES = YES;
				CLANG_WARN_SUSPICIOUS_MOVE = YES;
				CLANG_WARN_UNGUARDED_AVAILABILITY = YES_AGGRESSIVE;
				CLANG_WARN_UNREACHABLE_CODE = YES;
				CLANG_WARN__DUPLICATE_METHOD_MATCH = YES;
				COPY_PHASE_STRIP = NO;
				DEBUG_INFORMATION_FORMAT = "dwarf-with-dsym";
				ENABLE_NS_ASSERTIONS = NO;
				ENABLE_STRICT_OBJC_MSGSEND = YES;
				GCC_C_LANGUAGE_STANDARD = gnu11;
				GCC_NO_COMMON_BLOCKS = YES;
				GCC_WARN_64_TO_32_BIT_CONVERSION = YES;
				GCC_WARN_ABOUT_RETURN_TYPE = YES_ERROR;
				GCC_WARN_UNDECLARED_SELECTOR = YES;
				GCC_WARN_UNINITIALIZED_AUTOS = YES_AGGRESSIVE;
				GCC_WARN_UNUSED_FUNCTION = YES;
				GCC_WARN_UNUSED_VARIABLE = YES;
				IPHONEOS_DEPLOYMENT_TARGET = 14.1;
				MTL_ENABLE_DEBUG_INFO = NO;
				MTL_FAST_MATH = YES;
				SDKROOT = iphoneos;
				SWIFT_COMPILATION_MODE = wholemodule;
				SWIFT_OPTIMIZATION_LEVEL = "-O";
				VALIDATE_PRODUCT = YES;
			};
			name = Release;
		};
		3A8D5EB62581151500107242 /* Debug */ = {
			isa = XCBuildConfiguration;
			buildSettings = {
				ASSETCATALOG_COMPILER_APPICON_NAME = AppIcon;
				ASSETCATALOG_COMPILER_GLOBAL_ACCENT_COLOR_NAME = AccentColor;
				CODE_SIGN_STYLE = Automatic;
				INFOPLIST_FILE = PracticalTaskVouchme/Info.plist;
				LD_RUNPATH_SEARCH_PATHS = (
					"$(inherited)",
					"@executable_path/Frameworks",
				);
				PRODUCT_BUNDLE_IDENTIFIER = com.test.PracticalTaskVouchme;
				PRODUCT_NAME = "$(TARGET_NAME)";
				SWIFT_VERSION = 5.0;
				TARGETED_DEVICE_FAMILY = "1,2";
			};
			name = Debug;
		};
		3A8D5EB72581151500107242 /* Release */ = {
			isa = XCBuildConfiguration;
			buildSettings = {
				ASSETCATALOG_COMPILER_APPICON_NAME = AppIcon;
				ASSETCATALOG_COMPILER_GLOBAL_ACCENT_COLOR_NAME = AccentColor;
				CODE_SIGN_STYLE = Automatic;
				INFOPLIST_FILE = PracticalTaskVouchme/Info.plist;
				LD_RUNPATH_SEARCH_PATHS = (
					"$(inherited)",
					"@executable_path/Frameworks",
				);
				PRODUCT_BUNDLE_IDENTIFIER = com.test.PracticalTaskVouchme;
				PRODUCT_NAME = "$(TARGET_NAME)";
				SWIFT_VERSION = 5.0;
				TARGETED_DEVICE_FAMILY = "1,2";
			};
			name = Release;
		};
		3A8D5EB92581151500107242 /* Debug */ = {
			isa = XCBuildConfiguration;
			buildSettings = {
				ALWAYS_EMBED_SWIFT_STANDARD_LIBRARIES = YES;
				BUNDLE_LOADER = "$(TEST_HOST)";
				CODE_SIGN_STYLE = Automatic;
				INFOPLIST_FILE = PracticalTaskVouchmeTests/Info.plist;
				IPHONEOS_DEPLOYMENT_TARGET = 14.1;
				LD_RUNPATH_SEARCH_PATHS = (
					"$(inherited)",
					"@executable_path/Frameworks",
					"@loader_path/Frameworks",
				);
				PRODUCT_BUNDLE_IDENTIFIER = com.test.PracticalTaskVouchmeTests;
				PRODUCT_NAME = "$(TARGET_NAME)";
				SWIFT_VERSION = 5.0;
				TARGETED_DEVICE_FAMILY = "1,2";
				TEST_HOST = "$(BUILT_PRODUCTS_DIR)/PracticalTaskVouchme.app/PracticalTaskVouchme";
			};
			name = Debug;
		};
		3A8D5EBA2581151500107242 /* Release */ = {
			isa = XCBuildConfiguration;
			buildSettings = {
				ALWAYS_EMBED_SWIFT_STANDARD_LIBRARIES = YES;
				BUNDLE_LOADER = "$(TEST_HOST)";
				CODE_SIGN_STYLE = Automatic;
				INFOPLIST_FILE = PracticalTaskVouchmeTests/Info.plist;
				IPHONEOS_DEPLOYMENT_TARGET = 14.1;
				LD_RUNPATH_SEARCH_PATHS = (
					"$(inherited)",
					"@executable_path/Frameworks",
					"@loader_path/Frameworks",
				);
				PRODUCT_BUNDLE_IDENTIFIER = com.test.PracticalTaskVouchmeTests;
				PRODUCT_NAME = "$(TARGET_NAME)";
				SWIFT_VERSION = 5.0;
				TARGETED_DEVICE_FAMILY = "1,2";
				TEST_HOST = "$(BUILT_PRODUCTS_DIR)/PracticalTaskVouchme.app/PracticalTaskVouchme";
			};
			name = Release;
		};
		3A8D5EBC2581151500107242 /* Debug */ = {
			isa = XCBuildConfiguration;
			buildSettings = {
				ALWAYS_EMBED_SWIFT_STANDARD_LIBRARIES = YES;
				CODE_SIGN_STYLE = Automatic;
				INFOPLIST_FILE = PracticalTaskVouchmeUITests/Info.plist;
				LD_RUNPATH_SEARCH_PATHS = (
					"$(inherited)",
					"@executable_path/Frameworks",
					"@loader_path/Frameworks",
				);
				PRODUCT_BUNDLE_IDENTIFIER = com.test.PracticalTaskVouchmeUITests;
				PRODUCT_NAME = "$(TARGET_NAME)";
				SWIFT_VERSION = 5.0;
				TARGETED_DEVICE_FAMILY = "1,2";
				TEST_TARGET_NAME = PracticalTaskVouchme;
			};
			name = Debug;
		};
		3A8D5EBD2581151500107242 /* Release */ = {
			isa = XCBuildConfiguration;
			buildSettings = {
				ALWAYS_EMBED_SWIFT_STANDARD_LIBRARIES = YES;
				CODE_SIGN_STYLE = Automatic;
				INFOPLIST_FILE = PracticalTaskVouchmeUITests/Info.plist;
				LD_RUNPATH_SEARCH_PATHS = (
					"$(inherited)",
					"@executable_path/Frameworks",
					"@loader_path/Frameworks",
				);
				PRODUCT_BUNDLE_IDENTIFIER = com.test.PracticalTaskVouchmeUITests;
				PRODUCT_NAME = "$(TARGET_NAME)";
				SWIFT_VERSION = 5.0;
				TARGETED_DEVICE_FAMILY = "1,2";
				TEST_TARGET_NAME = PracticalTaskVouchme;
			};
			name = Release;
		};
/* End XCBuildConfiguration section */

/* Begin XCConfigurationList section */
		3A8D5E862581150D00107242 /* Build configuration list for PBXProject "PracticalTaskVouchme" */ = {
			isa = XCConfigurationList;
			buildConfigurations = (
				3A8D5EB32581151500107242 /* Debug */,
				3A8D5EB42581151500107242 /* Release */,
			);
			defaultConfigurationIsVisible = 0;
			defaultConfigurationName = Release;
		};
		3A8D5EB52581151500107242 /* Build configuration list for PBXNativeTarget "PracticalTaskVouchme" */ = {
			isa = XCConfigurationList;
			buildConfigurations = (
				3A8D5EB62581151500107242 /* Debug */,
				3A8D5EB72581151500107242 /* Release */,
			);
			defaultConfigurationIsVisible = 0;
			defaultConfigurationName = Release;
		};
		3A8D5EB82581151500107242 /* Build configuration list for PBXNativeTarget "PracticalTaskVouchmeTests" */ = {
			isa = XCConfigurationList;
			buildConfigurations = (
				3A8D5EB92581151500107242 /* Debug */,
				3A8D5EBA2581151500107242 /* Release */,
			);
			defaultConfigurationIsVisible = 0;
			defaultConfigurationName = Release;
		};
		3A8D5EBB2581151500107242 /* Build configuration list for PBXNativeTarget "PracticalTaskVouchmeUITests" */ = {
			isa = XCConfigurationList;
			buildConfigurations = (
				3A8D5EBC2581151500107242 /* Debug */,
				3A8D5EBD2581151500107242 /* Release */,
			);
			defaultConfigurationIsVisible = 0;
			defaultConfigurationName = Release;
		};
/* End XCConfigurationList section */
	};
	rootObject = 3A8D5E832581150D00107242 /* Project object */;
}
